
Microsoft Visual Studio Solution File, Format Version 12.00
Project("{2150E333-8FDC-42A3-9474-1A3956D46DE8}") = "Server", "Server", "{91F8F684-BD6E-4A41-A679-D25224FCDB0C}"
EndProject
Project("{FAE04EC0-301F-11D3-BF4B-00C04F79EFBC}") = "RepostitoryContracts", "Server\RepostitoryContracts\RepostitoryContracts.csproj", "{8C039584-01CC-4EE5-B1F8-D71B1E48E17A}"
EndProject
Project("{FAE04EC0-301F-11D3-BF4B-00C04F79EFBC}") = "Entities", "Server\Entities\Entities.csproj", "{16A7E0CA-A169-4EB2-B9CB-5DCB9A40D951}"
EndProject
Global
	GlobalSection(SolutionConfigurationPlatforms) = preSolution
		Debug|Any CPU = Debug|Any CPU
		Release|Any CPU = Release|Any CPU
	EndGlobalSection
	GlobalSection(NestedProjects) = preSolution
		{8C039584-01CC-4EE5-B1F8-D71B1E48E17A} = {91F8F684-BD6E-4A41-A679-D25224FCDB0C}
		{16A7E0CA-A169-4EB2-B9CB-5DCB9A40D951} = {91F8F684-BD6E-4A41-A679-D25224FCDB0C}
	EndGlobalSection
	GlobalSection(ProjectConfigurationPlatforms) = postSolution
		{8C039584-01CC-4EE5-B1F8-D71B1E48E17A}.Debug|Any CPU.ActiveCfg = Debug|Any CPU
		{8C039584-01CC-4EE5-B1F8-D71B1E48E17A}.Debug|Any CPU.Build.0 = Debug|Any CPU
		{8C039584-01CC-4EE5-B1F8-D71B1E48E17A}.Release|Any CPU.ActiveCfg = Release|Any CPU
		{8C039584-01CC-4EE5-B1F8-D71B1E48E17A}.Release|Any CPU.Build.0 = Release|Any CPU
		{16A7E0CA-A169-4EB2-B9CB-5DCB9A40D951}.Debug|Any CPU.ActiveCfg = Debug|Any CPU
		{16A7E0CA-A169-4EB2-B9CB-5DCB9A40D951}.Debug|Any CPU.Build.0 = Debug|Any CPU
		{16A7E0CA-A169-4EB2-B9CB-5DCB9A40D951}.Release|Any CPU.ActiveCfg = Release|Any CPU
		{16A7E0CA-A169-4EB2-B9CB-5DCB9A40D951}.Release|Any CPU.Build.0 = Release|Any CPU
	EndGlobalSection
EndGlobal
