
Microsoft Visual Studio Solution File, Format Version 12.00
Project("{2150E333-8FDC-42A3-9474-1A3956D46DE8}") = "Server", "Server", "{91F8F684-BD6E-4A41-A679-D25224FCDB0C}"
EndProject
Project("{FAE04EC0-301F-11D3-BF4B-00C04F79EFBC}") = "RepostitoryContracts", "Server\RepostitoryContracts\RepostitoryContracts.csproj", "{8C039584-01CC-4EE5-B1F8-D71B1E48E17A}"
EndProject
Project("{FAE04EC0-301F-11D3-BF4B-00C04F79EFBC}") = "Entities", "Server\Entities\Entities.csproj", "{16A7E0CA-A169-4EB2-B9CB-5DCB9A40D951}"
EndProject
Project("{FAE04EC0-301F-11D3-BF4B-00C04F79EFBC}") = "InMemoryRepositories", "Server\InMemoryRepositories\InMemoryRepositories.csproj", "{F8D4B048-FCBC-443D-92EA-C3CBEAF6206F}"
EndProject
Project("{FAE04EC0-301F-11D3-BF4B-00C04F79EFBC}") = "CLI", "Server\CLI\CLI.csproj", "{10A9EC62-5EAB-4968-8DE1-BDD988F0087E}"
EndProject
Project("{FAE04EC0-301F-11D3-BF4B-00C04F79EFBC}") = "FileRepositories", "Server\FileRepositories\FileRepositories.csproj", "{263B62AC-E772-4736-96A8-376735BA5985}"
EndProject
Project("{FAE04EC0-301F-11D3-BF4B-00C04F79EFBC}") = "Services", "Server\Services\Services.csproj", "{EA6436A8-0694-4741-A095-C2E14C6157AC}"
EndProject
Project("{2150E333-8FDC-42A3-9474-1A3956D46DE8}") = "Shared", "Shared", "{026F1D34-C2D7-4095-A1DC-F7714BAE3B06}"
EndProject
Project("{FAE04EC0-301F-11D3-BF4B-00C04F79EFBC}") = "DTOs", "Shared\DTOs\DTOs.csproj", "{322C5479-605E-4A59-BDB0-438F1EB6B747}"
EndProject
Project("{FAE04EC0-301F-11D3-BF4B-00C04F79EFBC}") = "WebApi", "Server\WebApi\WebApi.csproj", "{F551741E-8007-4EB3-BA49-7C63DB5BA0EF}"
EndProject
Project("{2150E333-8FDC-42A3-9474-1A3956D46DE8}") = "Client", "Client", "{3E486682-17B7-4EEA-8398-DB007BE0B001}"
EndProject
Project("{FAE04EC0-301F-11D3-BF4B-00C04F79EFBC}") = "BlazorApp1", "Client\BlazorApp1\BlazorApp1.csproj", "{3FEE0A7B-9484-4465-88DC-42E9CD336ED6}"
EndProject
Project("{FAE04EC0-301F-11D3-BF4B-00C04F79EFBC}") = "EfcRepositoriess", "Server\EfcRepositoriess\EfcRepositoriess.csproj", "{0147B480-8075-4654-A418-8C2CBCB49252}"
EndProject
Global
	GlobalSection(SolutionConfigurationPlatforms) = preSolution
		Debug|Any CPU = Debug|Any CPU
		Release|Any CPU = Release|Any CPU
	EndGlobalSection
	GlobalSection(NestedProjects) = preSolution
		{8C039584-01CC-4EE5-B1F8-D71B1E48E17A} = {91F8F684-BD6E-4A41-A679-D25224FCDB0C}
		{16A7E0CA-A169-4EB2-B9CB-5DCB9A40D951} = {91F8F684-BD6E-4A41-A679-D25224FCDB0C}
		{F8D4B048-FCBC-443D-92EA-C3CBEAF6206F} = {91F8F684-BD6E-4A41-A679-D25224FCDB0C}
		{10A9EC62-5EAB-4968-8DE1-BDD988F0087E} = {91F8F684-BD6E-4A41-A679-D25224FCDB0C}
		{263B62AC-E772-4736-96A8-376735BA5985} = {91F8F684-BD6E-4A41-A679-D25224FCDB0C}
		{EA6436A8-0694-4741-A095-C2E14C6157AC} = {91F8F684-BD6E-4A41-A679-D25224FCDB0C}
		{322C5479-605E-4A59-BDB0-438F1EB6B747} = {026F1D34-C2D7-4095-A1DC-F7714BAE3B06}
		{F551741E-8007-4EB3-BA49-7C63DB5BA0EF} = {91F8F684-BD6E-4A41-A679-D25224FCDB0C}
		{3FEE0A7B-9484-4465-88DC-42E9CD336ED6} = {3E486682-17B7-4EEA-8398-DB007BE0B001}
		{0147B480-8075-4654-A418-8C2CBCB49252} = {91F8F684-BD6E-4A41-A679-D25224FCDB0C}
	EndGlobalSection
	GlobalSection(ProjectConfigurationPlatforms) = postSolution
		{8C039584-01CC-4EE5-B1F8-D71B1E48E17A}.Debug|Any CPU.ActiveCfg = Debug|Any CPU
		{8C039584-01CC-4EE5-B1F8-D71B1E48E17A}.Debug|Any CPU.Build.0 = Debug|Any CPU
		{8C039584-01CC-4EE5-B1F8-D71B1E48E17A}.Release|Any CPU.ActiveCfg = Release|Any CPU
		{8C039584-01CC-4EE5-B1F8-D71B1E48E17A}.Release|Any CPU.Build.0 = Release|Any CPU
		{16A7E0CA-A169-4EB2-B9CB-5DCB9A40D951}.Debug|Any CPU.ActiveCfg = Debug|Any CPU
		{16A7E0CA-A169-4EB2-B9CB-5DCB9A40D951}.Debug|Any CPU.Build.0 = Debug|Any CPU
		{16A7E0CA-A169-4EB2-B9CB-5DCB9A40D951}.Release|Any CPU.ActiveCfg = Release|Any CPU
		{16A7E0CA-A169-4EB2-B9CB-5DCB9A40D951}.Release|Any CPU.Build.0 = Release|Any CPU
		{F8D4B048-FCBC-443D-92EA-C3CBEAF6206F}.Debug|Any CPU.ActiveCfg = Debug|Any CPU
		{F8D4B048-FCBC-443D-92EA-C3CBEAF6206F}.Debug|Any CPU.Build.0 = Debug|Any CPU
		{F8D4B048-FCBC-443D-92EA-C3CBEAF6206F}.Release|Any CPU.ActiveCfg = Release|Any CPU
		{F8D4B048-FCBC-443D-92EA-C3CBEAF6206F}.Release|Any CPU.Build.0 = Release|Any CPU
		{10A9EC62-5EAB-4968-8DE1-BDD988F0087E}.Debug|Any CPU.ActiveCfg = Debug|Any CPU
		{10A9EC62-5EAB-4968-8DE1-BDD988F0087E}.Debug|Any CPU.Build.0 = Debug|Any CPU
		{10A9EC62-5EAB-4968-8DE1-BDD988F0087E}.Release|Any CPU.ActiveCfg = Release|Any CPU
		{10A9EC62-5EAB-4968-8DE1-BDD988F0087E}.Release|Any CPU.Build.0 = Release|Any CPU
		{263B62AC-E772-4736-96A8-376735BA5985}.Debug|Any CPU.ActiveCfg = Debug|Any CPU
		{263B62AC-E772-4736-96A8-376735BA5985}.Debug|Any CPU.Build.0 = Debug|Any CPU
		{263B62AC-E772-4736-96A8-376735BA5985}.Release|Any CPU.ActiveCfg = Release|Any CPU
		{263B62AC-E772-4736-96A8-376735BA5985}.Release|Any CPU.Build.0 = Release|Any CPU
		{EA6436A8-0694-4741-A095-C2E14C6157AC}.Debug|Any CPU.ActiveCfg = Debug|Any CPU
		{EA6436A8-0694-4741-A095-C2E14C6157AC}.Debug|Any CPU.Build.0 = Debug|Any CPU
		{EA6436A8-0694-4741-A095-C2E14C6157AC}.Release|Any CPU.ActiveCfg = Release|Any CPU
		{EA6436A8-0694-4741-A095-C2E14C6157AC}.Release|Any CPU.Build.0 = Release|Any CPU
		{322C5479-605E-4A59-BDB0-438F1EB6B747}.Debug|Any CPU.ActiveCfg = Debug|Any CPU
		{322C5479-605E-4A59-BDB0-438F1EB6B747}.Debug|Any CPU.Build.0 = Debug|Any CPU
		{322C5479-605E-4A59-BDB0-438F1EB6B747}.Release|Any CPU.ActiveCfg = Release|Any CPU
		{322C5479-605E-4A59-BDB0-438F1EB6B747}.Release|Any CPU.Build.0 = Release|Any CPU
		{F551741E-8007-4EB3-BA49-7C63DB5BA0EF}.Debug|Any CPU.ActiveCfg = Debug|Any CPU
		{F551741E-8007-4EB3-BA49-7C63DB5BA0EF}.Debug|Any CPU.Build.0 = Debug|Any CPU
		{F551741E-8007-4EB3-BA49-7C63DB5BA0EF}.Release|Any CPU.ActiveCfg = Release|Any CPU
		{F551741E-8007-4EB3-BA49-7C63DB5BA0EF}.Release|Any CPU.Build.0 = Release|Any CPU
		{3FEE0A7B-9484-4465-88DC-42E9CD336ED6}.Debug|Any CPU.ActiveCfg = Debug|Any CPU
		{3FEE0A7B-9484-4465-88DC-42E9CD336ED6}.Debug|Any CPU.Build.0 = Debug|Any CPU
		{3FEE0A7B-9484-4465-88DC-42E9CD336ED6}.Release|Any CPU.ActiveCfg = Release|Any CPU
		{3FEE0A7B-9484-4465-88DC-42E9CD336ED6}.Release|Any CPU.Build.0 = Release|Any CPU
		{0147B480-8075-4654-A418-8C2CBCB49252}.Debug|Any CPU.ActiveCfg = Debug|Any CPU
		{0147B480-8075-4654-A418-8C2CBCB49252}.Debug|Any CPU.Build.0 = Debug|Any CPU
		{0147B480-8075-4654-A418-8C2CBCB49252}.Release|Any CPU.ActiveCfg = Release|Any CPU
		{0147B480-8075-4654-A418-8C2CBCB49252}.Release|Any CPU.Build.0 = Release|Any CPU
	EndGlobalSection
EndGlobal
